
Microsoft Visual Studio Solution File, Format Version 12.00
# Visual Studio Version 17
VisualStudioVersion = 17.4.33103.184
MinimumVisualStudioVersion = 10.0.40219.1
Project("{FAE04EC0-301F-11D3-BF4B-00C04F79EFBC}") = "Avalonia.MusicStore", "Avalonia.MusicStore\Avalonia.MusicStore.csproj", "{4E2B5B1D-B12D-4A8B-8B6C-B5DEB7AFD397}"
EndProject
Global
	GlobalSection(SolutionConfigurationPlatforms) = preSolution
		Debug|Any CPU = Debug|Any CPU
		Release|Any CPU = Release|Any CPU
	EndGlobalSection
	GlobalSection(ProjectConfigurationPlatforms) = postSolution
		{4E2B5B1D-B12D-4A8B-8B6C-B5DEB7AFD397}.Debug|Any CPU.ActiveCfg = Debug|Any CPU
		{4E2B5B1D-B12D-4A8B-8B6C-B5DEB7AFD397}.Debug|Any CPU.Build.0 = Debug|Any CPU
		{4E2B5B1D-B12D-4A8B-8B6C-B5DEB7AFD397}.Release|Any CPU.ActiveCfg = Release|Any CPU
		{4E2B5B1D-B12D-4A8B-8B6C-B5DEB7AFD397}.Release|Any CPU.Build.0 = Release|Any CPU
	EndGlobalSection
	GlobalSection(SolutionProperties) = preSolution
		HideSolutionNode = FALSE
	EndGlobalSection
	GlobalSection(ExtensibilityGlobals) = postSolution
		SolutionGuid = {5FF0BC63-6D4A-40CB-9FC0-5FE22801FB65}
	EndGlobalSection
EndGlobal
